
Microsoft Visual Studio Solution File, Format Version 12.00
# Visual Studio Version 17
VisualStudioVersion = 17.11.35222.181
MinimumVisualStudioVersion = 10.0.40219.1
Project("{FAE04EC0-301F-11D3-BF4B-00C04F79EFBC}") = "Roy and Profile Picture c#", "Roy and Profile Picture c#.csproj", "{1694A5BE-5913-4E1D-AF07-320ED5EB912B}"
EndProject
Global
	GlobalSection(SolutionConfigurationPlatforms) = preSolution
		Debug|Any CPU = Debug|Any CPU
		Release|Any CPU = Release|Any CPU
	EndGlobalSection
	GlobalSection(ProjectConfigurationPlatforms) = postSolution
		{1694A5BE-5913-4E1D-AF07-320ED5EB912B}.Debug|Any CPU.ActiveCfg = Debug|Any CPU
		{1694A5BE-5913-4E1D-AF07-320ED5EB912B}.Debug|Any CPU.Build.0 = Debug|Any CPU
		{1694A5BE-5913-4E1D-AF07-320ED5EB912B}.Release|Any CPU.ActiveCfg = Release|Any CPU
		{1694A5BE-5913-4E1D-AF07-320ED5EB912B}.Release|Any CPU.Build.0 = Release|Any CPU
	EndGlobalSection
	GlobalSection(SolutionProperties) = preSolution
		HideSolutionNode = FALSE
	EndGlobalSection
	GlobalSection(ExtensibilityGlobals) = postSolution
		SolutionGuid = {BAB6D9E4-F643-4AC8-A871-30890966A877}
	EndGlobalSection
EndGlobal
